
Microsoft Visual Studio Solution File, Format Version 12.00
# Visual Studio 14
VisualStudioVersion = 14.0.25420.1
MinimumVisualStudioVersion = 10.0.40219.1
Project("{8BC9CEB8-8B4A-11D0-8D11-00A0C91BC942}") = "SQList_Demo", "SQList_Demo.vcxproj", "{D52C17A1-0AE3-4BD8-A631-58DEE5A8D5A9}"
EndProject
Global
	GlobalSection(SolutionConfigurationPlatforms) = preSolution
		Debug|x86 = Debug|x86
		Release|x86 = Release|x86
	EndGlobalSection
	GlobalSection(ProjectConfigurationPlatforms) = postSolution
		{D52C17A1-0AE3-4BD8-A631-58DEE5A8D5A9}.Debug|x86.ActiveCfg = Debug|Win32
		{D52C17A1-0AE3-4BD8-A631-58DEE5A8D5A9}.Debug|x86.Build.0 = Debug|Win32
		{D52C17A1-0AE3-4BD8-A631-58DEE5A8D5A9}.Release|x86.ActiveCfg = Release|Win32
		{D52C17A1-0AE3-4BD8-A631-58DEE5A8D5A9}.Release|x86.Build.0 = Release|Win32
	EndGlobalSection
	GlobalSection(SolutionProperties) = preSolution
		HideSolutionNode = FALSE
	EndGlobalSection
EndGlobal
